
Microsoft Visual Studio Solution File, Format Version 12.00
# Visual Studio 15
VisualStudioVersion = 15.0.28307.421
MinimumVisualStudioVersion = 10.0.40219.1
Project("{8BC9CEB8-8B4A-11D0-8D11-00A0C91BC942}") = "abarth", "abarth.vcxproj", "{A188B047-ABD0-4E04-BBA4-059E07518329}"
EndProject
Project("{888888A0-9F3D-457C-B088-3A5042F75D52}") = "tests", "tests.pyproj", "{F0EB47DF-5D88-452F-85DF-A77A3F771247}"
EndProject
Global
	GlobalSection(SolutionConfigurationPlatforms) = preSolution
		Debug|Any CPU = Debug|Any CPU
		Debug|x64 = Debug|x64
		Debug|x86 = Debug|x86
		Release|Any CPU = Release|Any CPU
		Release|x64 = Release|x64
		Release|x86 = Release|x86
	EndGlobalSection
	GlobalSection(ProjectConfigurationPlatforms) = postSolution
		{A188B047-ABD0-4E04-BBA4-059E07518329}.Debug|Any CPU.ActiveCfg = Debug|Win32
		{A188B047-ABD0-4E04-BBA4-059E07518329}.Debug|x64.ActiveCfg = Debug|x64
		{A188B047-ABD0-4E04-BBA4-059E07518329}.Debug|x64.Build.0 = Debug|x64
		{A188B047-ABD0-4E04-BBA4-059E07518329}.Debug|x86.ActiveCfg = Debug|Win32
		{A188B047-ABD0-4E04-BBA4-059E07518329}.Debug|x86.Build.0 = Debug|Win32
		{A188B047-ABD0-4E04-BBA4-059E07518329}.Release|Any CPU.ActiveCfg = Release|Win32
		{A188B047-ABD0-4E04-BBA4-059E07518329}.Release|x64.ActiveCfg = Release|x64
		{A188B047-ABD0-4E04-BBA4-059E07518329}.Release|x64.Build.0 = Release|x64
		{A188B047-ABD0-4E04-BBA4-059E07518329}.Release|x86.ActiveCfg = Release|Win32
		{A188B047-ABD0-4E04-BBA4-059E07518329}.Release|x86.Build.0 = Release|Win32
		{F0EB47DF-5D88-452F-85DF-A77A3F771247}.Debug|Any CPU.ActiveCfg = Debug|Any CPU
		{F0EB47DF-5D88-452F-85DF-A77A3F771247}.Debug|x64.ActiveCfg = Debug|Any CPU
		{F0EB47DF-5D88-452F-85DF-A77A3F771247}.Debug|x86.ActiveCfg = Debug|Any CPU
		{F0EB47DF-5D88-452F-85DF-A77A3F771247}.Release|Any CPU.ActiveCfg = Release|Any CPU
		{F0EB47DF-5D88-452F-85DF-A77A3F771247}.Release|x64.ActiveCfg = Release|Any CPU
		{F0EB47DF-5D88-452F-85DF-A77A3F771247}.Release|x86.ActiveCfg = Release|Any CPU
	EndGlobalSection
	GlobalSection(SolutionProperties) = preSolution
		HideSolutionNode = FALSE
	EndGlobalSection
	GlobalSection(ExtensibilityGlobals) = postSolution
		SolutionGuid = {E5A77170-4805-4F16-A154-1EBC8BAFA591}
	EndGlobalSection
EndGlobal
